{
  "version": 4,
  "terraform_version": "1.3.7",
  "serial": 299,
  "lineage": "48faf521-69b1-2683-21a8-c76988242658",
  "outputs": {},
  "resources": [
    {
      "mode": "data",
      "type": "archive_file",
      "name": "notify_py",
      "provider": "provider[\"registry.terraform.io/hashicorp/archive\"]",
      "instances": [
        {
          "schema_version": 0,
          "attributes": {
            "excludes": null,
            "id": "d78ed7724d4bc29fc46af841d8fde5edd88447e4",
            "output_base64sha256": "gKMO2qNxiK7fJdJkdEOgP/AJ0BamYZqisSyGIvih368=",
            "output_file_mode": null,
            "output_md5": "0f30256ded760b869f6d49e31beeb1d8",
            "output_path": "./lambda/asgSlackNotifications.zip",
            "output_sha": "d78ed7724d4bc29fc46af841d8fde5edd88447e4",
            "output_size": 1023,
            "source": [],
            "source_content": null,
            "source_content_filename": null,
            "source_dir": null,
            "source_file": "./lambda/asgSlackNotifications.py",
            "type": "zip"
          },
          "sensitive_attributes": []
        }
      ]
    },
    {
      "mode": "data",
      "type": "aws_autoscaling_group",
      "name": "eks-centos-node-groupe-4ec29b4d-24ce-30b3-c1dc-5e3b8b17e463",
      "provider": "provider[\"registry.terraform.io/hashicorp/aws\"]",
      "instances": [
        {
          "schema_version": 0,
          "attributes": {
            "arn": "arn:aws:autoscaling:us-east-1:036692858685:autoScalingGroup:b0609dd7-13da-4f9a-a388-c3a9f8b72bd0:autoScalingGroupName/eks-centos-node-groupe-4ec29b4d-24ce-30b3-c1dc-5e3b8b17e463",
            "availability_zones": [
              "us-east-1a",
              "us-east-1b",
              "us-east-1c"
            ],
            "default_cooldown": 300,
            "desired_capacity": 4,
            "enabled_metrics": [
              "GroupAndWarmPoolDesiredCapacity",
              "GroupAndWarmPoolTotalCapacity",
              "GroupDesiredCapacity",
              "GroupInServiceCapacity",
              "GroupInServiceInstances",
              "GroupMaxSize",
              "GroupMinSize",
              "GroupPendingCapacity",
              "GroupPendingInstances",
              "GroupStandbyCapacity",
              "GroupStandbyInstances",
              "GroupTerminatingCapacity",
              "GroupTerminatingInstances",
              "GroupTotalCapacity",
              "GroupTotalInstances",
              "WarmPoolDesiredCapacity",
              "WarmPoolMinSize",
              "WarmPoolPendingCapacity",
              "WarmPoolTerminatingCapacity",
              "WarmPoolTotalCapacity",
              "WarmPoolWarmedCapacity"
            ],
            "health_check_grace_period": 15,
            "health_check_type": "EC2",
            "id": "eks-centos-node-groupe-4ec29b4d-24ce-30b3-c1dc-5e3b8b17e463",
            "launch_configuration": "",
            "launch_template": [],
            "load_balancers": [],
            "max_size": 4,
            "min_size": 2,
            "name": "eks-centos-node-groupe-4ec29b4d-24ce-30b3-c1dc-5e3b8b17e463",
            "new_instances_protected_from_scale_in": false,
            "placement_group": "",
            "service_linked_role_arn": "arn:aws:iam::036692858685:role/aws-service-role/autoscaling.amazonaws.com/AWSServiceRoleForAutoScaling",
            "status": "",
            "target_group_arns": [],
            "termination_policies": [
              "AllocationStrategy",
              "OldestInstance",
              "OldestLaunchTemplate"
            ],
            "vpc_zone_identifier": "subnet-13c0ee5e,subnet-0bcfaa2a,subnet-3ab6285c"
          },
          "sensitive_attributes": []
        }
      ]
    },
    {
      "mode": "data",
      "type": "aws_launch_template",
      "name": "eks-4ec29b4d-24ce-30b3-c1dc-5e3b8b17e463",
      "provider": "provider[\"registry.terraform.io/hashicorp/aws\"]",
      "instances": [
        {
          "schema_version": 0,
          "attributes": {
            "arn": "arn:aws:ec2:us-east-1:036692858685:launch-template/lt-0edcc6d60ec35ac79",
            "block_device_mappings": [
              {
                "device_name": "/dev/xvda",
                "ebs": [
                  {
                    "delete_on_termination": "true",
                    "encrypted": "",
                    "iops": 0,
                    "kms_key_id": "",
                    "snapshot_id": "",
                    "throughput": 0,
                    "volume_size": 20,
                    "volume_type": "gp2"
                  }
                ],
                "no_device": "",
                "virtual_name": ""
              }
            ],
            "capacity_reservation_specification": [],
            "cpu_options": [],
            "credit_specification": null,
            "default_version": 1,
            "description": "",
            "disable_api_stop": false,
            "disable_api_termination": false,
            "ebs_optimized": "",
            "elastic_gpu_specifications": [],
            "elastic_inference_accelerator": [],
            "enclave_options": [],
            "filter": null,
            "hibernation_options": [],
            "iam_instance_profile": [
              {
                "arn": "",
                "name": "eks-4ec29b4d-24ce-30b3-c1dc-5e3b8b17e463"
              }
            ],
            "id": "lt-0edcc6d60ec35ac79",
            "image_id": "ami-0c9424a408e18bcc9",
            "instance_initiated_shutdown_behavior": "",
            "instance_market_options": [],
            "instance_requirements": [],
            "instance_type": "t3.medium",
            "kernel_id": "",
            "key_name": "",
            "latest_version": 1,
            "license_specification": [],
            "maintenance_options": [],
            "metadata_options": [
              {
                "http_endpoint": "",
                "http_protocol_ipv6": "",
                "http_put_response_hop_limit": 2,
                "http_tokens": "",
                "instance_metadata_tags": ""
              }
            ],
            "monitoring": [],
            "name": "eks-4ec29b4d-24ce-30b3-c1dc-5e3b8b17e463",
            "network_interfaces": [
              {
                "associate_carrier_ip_address": "",
                "associate_public_ip_address": "",
                "delete_on_termination": "",
                "description": "",
                "device_index": 0,
                "interface_type": "",
                "ipv4_address_count": 0,
                "ipv4_addresses": [],
                "ipv4_prefix_count": 0,
                "ipv4_prefixes": [],
                "ipv6_address_count": 0,
                "ipv6_addresses": [],
                "ipv6_prefix_count": 0,
                "ipv6_prefixes": [],
                "network_card_index": 0,
                "network_interface_id": "",
                "private_ip_address": "",
                "security_groups": [
                  "sg-0bf800ded0e0464e0"
                ],
                "subnet_id": ""
              }
            ],
            "placement": [],
            "private_dns_name_options": [],
            "ram_disk_id": "",
            "security_group_names": [],
            "tag_specifications": [],
            "tags": {
              "eks:cluster-name": "EKS_centos_cluster",
              "eks:nodegroup-name": "centos-node-groupe",
              "name": "EKS_centos_cluster"
            },
            "timeouts": null,
            "user_data": "TUlNRS1WZXJzaW9uOiAxLjAKQ29udGVudC1UeXBlOiBtdWx0aXBhcnQvbWl4ZWQ7IGJvdW5kYXJ5PSIvLyIKCi0tLy8KQ29udGVudC1UeXBlOiB0ZXh0L3gtc2hlbGxzY3JpcHQ7IGNoYXJzZXQ9InVzLWFzY2lpIgojIS9iaW4vYmFzaApzZXQgLWV4CkI2NF9DTFVTVEVSX0NBPUxTMHRMUzFDUlVkSlRpQkRSVkpVU1VaSlEwRlVSUzB0TFMwdENrMUpTVU12YWtORFFXVmhaMEYzU1VKQlowbENRVVJCVGtKbmEzRm9hMmxIT1hjd1FrRlJjMFpCUkVGV1RWSk5kMFZSV1VSV1VWRkVSWGR3Y21SWFNtd0tZMjAxYkdSSFZucE5RalJZUkZSSmVVMVVTWGxOVkVVMFRVUnJlRTVzYjFoRVZFMTVUVlJKZUU5RVJUUk5SR3Q0VG14dmQwWlVSVlJOUWtWSFFURlZSUXBCZUUxTFlUTldhVnBZU25WYVdGSnNZM3BEUTBGVFNYZEVVVmxLUzI5YVNXaDJZMDVCVVVWQ1FsRkJSR2RuUlZCQlJFTkRRVkZ2UTJkblJVSkJUVGxTQ2pSQ1FrWllLMDlNVjJrMGQwNW9jMWt4UkVSWFZWZExaQzlEVHpoS1JGWjNWak5QWW5wVmVFeFhSV2ROUjAxc1pIZFNXVkU0U2xSNGFHVTRZelZpWVRrS2Vqa3lOa0pKWTFCNlZWTjVTMUkwVG1sU05rcFNkbEJPYUhSa2FsTlJURFl4ZEdkdVdVVkRNbkphT1M4MFUweExSazFhU0dReGNXczFabEZvU0d0YWVnb3pZV1ZXWldWWlltTTBMMVp2ZDJoMFZHYzFUM1l4U0hKUU1ITlpWbGMyV0dVeVluSTFaMlJKVlRCR2EyTm1Ta0pJUWtsRFMxQXlMMHR6VFV4NVdFaHBDbmg1Y1d0Q1dVbHJNMk5OUlRaclRrVm5kUzlKUzFScU56WlJMMUpVZUVWVVN5dExZWGN2UnpObmNDOWlWMWs1TWswMGMwOVpaV2RQTDFKdllrbERVVFlLZGl0NVEyWjZRVkk1VlhBd1IwdFZNMEkzWldVM2RYaHRXRTEwTDA4emVsTjFOMmMzZUUwMVdrSlZlRkoxWVdGMFZqbEpXRWh6UjFoWlRsZEtPRXA0ZFFwMlIxUTBSMVZXV2xKR2JXSk5jMU5LUzFsclEwRjNSVUZCWVU1YVRVWmpkMFJuV1VSV1VqQlFRVkZJTDBKQlVVUkJaMHRyVFVFNFIwRXhWV1JGZDBWQ0NpOTNVVVpOUVUxQ1FXWTRkMGhSV1VSV1VqQlBRa0paUlVaTlNsVjZVWGRPTmxaRGRVYzNiRm8xTmpRd1RIQmFTMnBhT0dWTlFsVkhRVEZWWkVWUlVVOEtUVUY1UTBOdGRERlpiVlo1WW0xV01GcFlUWGRFVVZsS1MyOWFTV2gyWTA1QlVVVk1RbEZCUkdkblJVSkJRV2hqU1hCMlRYaGlTamRQUml0SFZFbHRhd3ByTVdJeVIyWlZTblpVUjFOQmMwSmpjMUYzV0VWTVJHWkVXVmxFYjFKTFIwYzVXWEExTTJoR2RIcFZSVVJwWVd0RlUyMTBaMUZTTUVVek9XcG1URlpxQ21OMFduSXpOVE5aZFU5d1ZVSXJXVk12Y2tack1VZHJXa1pXU0dWVVVGbFZTRWRrY1hWWVprbEhRMVJ2TXpKSFMzQjVkSFZsUmxwclUycG1MMnRCVkVzS2N6UTFURWR4YVcxU1JIbE1LM2RGYUVwUVpHUnNUVEI0TmxabFRXUklWRGRDVGpoRmMzY3dRMjVDV2pCSFQzTTRhaTlDVGxZeFpWTk1hREp2UlZGR05BcFFMemxFY210VWVqQlRiMDVoWTIxamNWQk1NVTkzVlZZMkwyMW1RVEJ5ZDIxV1ZISjBkVmhGUVc5cGNtSnBjR2N4WW14TVVqaG5XRUV6VDBkM05VeHVDa1JXZEdkYWNrcFBZbHBsV1ZVNWJGQmplR2hoVmxJMWMyUnBSRVpHYkVSd1FXNUtVRlkwVkhOaWVYb3dhWE13YzBGSkszSmFXbWRyVFRGNlNsSldkbFVLZUdWUlBRb3RMUzB0TFVWT1JDQkRSVkpVU1VaSlEwRlVSUzB0TFMwdENnPT0KQVBJX1NFUlZFUl9VUkw9aHR0cHM6Ly85QjkzNkY1QkIyOEZFRjJDODc4QjIyMjdDODE5Q0I1RS5ncjcudXMtZWFzdC0xLmVrcy5hbWF6b25hd3MuY29tCks4U19DTFVTVEVSX0ROU19JUD0xMC4xMDAuMC4xMAovZXRjL2Vrcy9ib290c3RyYXAuc2ggRUtTX2NlbnRvc19jbHVzdGVyIC0ta3ViZWxldC1leHRyYS1hcmdzICctLW5vZGUtbGFiZWxzPWVrcy5hbWF6b25hd3MuY29tL25vZGVncm91cC1pbWFnZT1hbWktMGM5NDI0YTQwOGUxOGJjYzksZWtzLmFtYXpvbmF3cy5jb20vY2FwYWNpdHlUeXBlPU9OX0RFTUFORCxla3MuYW1hem9uYXdzLmNvbS9ub2RlZ3JvdXA9Y2VudG9zLW5vZGUtZ3JvdXBlIC0tbWF4LXBvZHM9MTcnIC0tYjY0LWNsdXN0ZXItY2EgJEI2NF9DTFVTVEVSX0NBIC0tYXBpc2VydmVyLWVuZHBvaW50ICRBUElfU0VSVkVSX1VSTCAtLWRucy1jbHVzdGVyLWlwICRLOFNfQ0xVU1RFUl9ETlNfSVAgLS11c2UtbWF4LXBvZHMgZmFsc2UKCi0tLy8tLQ==",
            "vpc_security_group_ids": []
          },
          "sensitive_attributes": []
        }
      ]
    },
    {
      "mode": "managed",
      "type": "aws_autoscaling_policy",
      "name": "scale_down",
      "provider": "provider[\"registry.terraform.io/hashicorp/aws\"]",
      "instances": [
        {
          "schema_version": 0,
          "attributes": {
            "adjustment_type": "ChangeInCapacity",
            "arn": "arn:aws:autoscaling:us-east-1:036692858685:scalingPolicy:a72c22f0-2271-4ab8-9bb6-12a7baf4c35e:autoScalingGroupName/eks-centos-node-groupe-4ec29b4d-24ce-30b3-c1dc-5e3b8b17e463:policyName/asg-scale-down",
            "autoscaling_group_name": "eks-centos-node-groupe-4ec29b4d-24ce-30b3-c1dc-5e3b8b17e463",
            "cooldown": 300,
            "enabled": true,
            "estimated_instance_warmup": 0,
            "id": "asg-scale-down",
            "metric_aggregation_type": "",
            "min_adjustment_magnitude": null,
            "name": "asg-scale-down",
            "policy_type": "SimpleScaling",
            "predictive_scaling_configuration": [],
            "scaling_adjustment": -1,
            "step_adjustment": [],
            "target_tracking_configuration": []
          },
          "sensitive_attributes": [],
          "private": "bnVsbA==",
          "dependencies": [
            "data.aws_autoscaling_group.eks-centos-node-groupe-4ec29b4d-24ce-30b3-c1dc-5e3b8b17e463"
          ]
        }
      ]
    },
    {
      "mode": "managed",
      "type": "aws_autoscaling_policy",
      "name": "scale_up",
      "provider": "provider[\"registry.terraform.io/hashicorp/aws\"]",
      "instances": [
        {
          "schema_version": 0,
          "attributes": {
            "adjustment_type": "ChangeInCapacity",
            "arn": "arn:aws:autoscaling:us-east-1:036692858685:scalingPolicy:e7210aff-394c-4966-9655-116bb4f8708f:autoScalingGroupName/eks-centos-node-groupe-4ec29b4d-24ce-30b3-c1dc-5e3b8b17e463:policyName/asg_scale_up",
            "autoscaling_group_name": "eks-centos-node-groupe-4ec29b4d-24ce-30b3-c1dc-5e3b8b17e463",
            "cooldown": 300,
            "enabled": true,
            "estimated_instance_warmup": 0,
            "id": "asg_scale_up",
            "metric_aggregation_type": "",
            "min_adjustment_magnitude": null,
            "name": "asg_scale_up",
            "policy_type": "SimpleScaling",
            "predictive_scaling_configuration": [],
            "scaling_adjustment": 1,
            "step_adjustment": [],
            "target_tracking_configuration": []
          },
          "sensitive_attributes": [],
          "private": "bnVsbA==",
          "dependencies": [
            "data.aws_autoscaling_group.eks-centos-node-groupe-4ec29b4d-24ce-30b3-c1dc-5e3b8b17e463"
          ]
        }
      ]
    },
    {
      "mode": "managed",
      "type": "aws_cloudwatch_log_group",
      "name": "asg_scale_up_alarm",
      "provider": "provider[\"registry.terraform.io/hashicorp/aws\"]",
      "instances": [
        {
          "schema_version": 0,
          "attributes": {
            "arn": "arn:aws:logs:us-east-1:036692858685:log-group:/aws/lambda/slack_notification",
            "id": "/aws/lambda/slack_notification",
            "kms_key_id": "",
            "name": "/aws/lambda/slack_notification",
            "name_prefix": null,
            "retention_in_days": 14,
            "tags": {},
            "tags_all": {}
          },
          "sensitive_attributes": [],
          "private": "bnVsbA==",
          "dependencies": [
            "aws_iam_role.send_cloudwatch_alarms_to_slack",
            "aws_lambda_function.slack_notification",
            "aws_s3_bucket.lambda_bucket",
            "aws_s3_object.asgSlackNotifications",
            "data.archive_file.notify_py",
            "random_pet.lambda_bucket_name"
          ]
        }
      ]
    },
    {
      "mode": "managed",
      "type": "aws_cloudwatch_metric_alarm",
      "name": "scale_down_alarm",
      "provider": "provider[\"registry.terraform.io/hashicorp/aws\"]",
      "instances": [
        {
          "schema_version": 1,
          "attributes": {
            "actions_enabled": true,
            "alarm_actions": [
              "arn:aws:autoscaling:us-east-1:036692858685:scalingPolicy:a72c22f0-2271-4ab8-9bb6-12a7baf4c35e:autoScalingGroupName/eks-centos-node-groupe-4ec29b4d-24ce-30b3-c1dc-5e3b8b17e463:policyName/asg-scale-down",
              "arn:aws:sns:us-east-1:036692858685:alarms"
            ],
            "alarm_description": "asg-scale-down-cpu-alarm",
            "alarm_name": "asg-scale-down-alarm",
            "arn": "arn:aws:cloudwatch:us-east-1:036692858685:alarm:asg-scale-down-alarm",
            "comparison_operator": "LessThanOrEqualToThreshold",
            "datapoints_to_alarm": 0,
            "dimensions": {
              "AutoScalingGroupName": "eks-centos-node-groupe-4ec29b4d-24ce-30b3-c1dc-5e3b8b17e463"
            },
            "evaluate_low_sample_count_percentiles": "",
            "evaluation_periods": 2,
            "extended_statistic": "",
            "id": "asg-scale-down-alarm",
            "insufficient_data_actions": [],
            "metric_name": "CPUUtilization",
            "metric_query": [],
            "namespace": "AWS/EC2",
            "ok_actions": [],
            "period": 120,
            "statistic": "Average",
            "tags": {},
            "tags_all": {},
            "threshold": 5,
            "threshold_metric_id": "",
            "treat_missing_data": "missing",
            "unit": ""
          },
          "sensitive_attributes": [],
          "private": "eyJzY2hlbWFfdmVyc2lvbiI6IjEifQ==",
          "dependencies": [
            "aws_autoscaling_policy.scale_down",
            "aws_iam_role.sns_logs",
            "aws_sns_topic.alarms",
            "data.aws_autoscaling_group.eks-centos-node-groupe-4ec29b4d-24ce-30b3-c1dc-5e3b8b17e463"
          ]
        }
      ]
    },
    {
      "mode": "managed",
      "type": "aws_cloudwatch_metric_alarm",
      "name": "scale_up_alarm",
      "provider": "provider[\"registry.terraform.io/hashicorp/aws\"]",
      "instances": [
        {
          "schema_version": 1,
          "attributes": {
            "actions_enabled": true,
            "alarm_actions": [
              "arn:aws:autoscaling:us-east-1:036692858685:scalingPolicy:a72c22f0-2271-4ab8-9bb6-12a7baf4c35e:autoScalingGroupName/eks-centos-node-groupe-4ec29b4d-24ce-30b3-c1dc-5e3b8b17e463:policyName/asg-scale-down",
              "arn:aws:sns:us-east-1:036692858685:alarms"
            ],
            "alarm_description": "asg_scale_up_cpu_alarm",
            "alarm_name": "asg_scale_up_alarm",
            "arn": "arn:aws:cloudwatch:us-east-1:036692858685:alarm:asg_scale_up_alarm",
            "comparison_operator": "GreaterThanOrEqualToThreshold",
            "datapoints_to_alarm": 0,
            "dimensions": {
              "AutoScalingGroupName": "eks-centos-node-groupe-4ec29b4d-24ce-30b3-c1dc-5e3b8b17e463"
            },
            "evaluate_low_sample_count_percentiles": "",
            "evaluation_periods": 2,
            "extended_statistic": "",
            "id": "asg_scale_up_alarm",
            "insufficient_data_actions": [],
            "metric_name": "CPUUtilization",
            "metric_query": [],
            "namespace": "AWS/EC2",
            "ok_actions": [],
            "period": 120,
            "statistic": "Average",
            "tags": {},
            "tags_all": {},
            "threshold": 20,
            "threshold_metric_id": "",
            "treat_missing_data": "missing",
            "unit": ""
          },
          "sensitive_attributes": [],
          "private": "eyJzY2hlbWFfdmVyc2lvbiI6IjEifQ==",
          "dependencies": [
            "aws_autoscaling_policy.scale_down",
            "aws_iam_role.sns_logs",
            "aws_sns_topic.alarms",
            "data.aws_autoscaling_group.eks-centos-node-groupe-4ec29b4d-24ce-30b3-c1dc-5e3b8b17e463"
          ]
        }
      ]
    },
    {
      "mode": "managed",
      "type": "aws_iam_role",
      "name": "send_cloudwatch_alarms_to_slack",
      "provider": "provider[\"registry.terraform.io/hashicorp/aws\"]",
      "instances": [
        {
          "schema_version": 0,
          "attributes": {
            "arn": "arn:aws:iam::036692858685:role/send-cloudwatch-alarms-to-slack",
            "assume_role_policy": "{\"Statement\":[{\"Action\":\"sts:AssumeRole\",\"Effect\":\"Allow\",\"Principal\":{\"Service\":\"lambda.amazonaws.com\"}}],\"Version\":\"2012-10-17\"}",
            "create_date": "2023-01-18T05:56:34Z",
            "description": "",
            "force_detach_policies": false,
            "id": "send-cloudwatch-alarms-to-slack",
            "inline_policy": [],
            "managed_policy_arns": [
              "arn:aws:iam::aws:policy/service-role/AWSLambdaBasicExecutionRole"
            ],
            "max_session_duration": 3600,
            "name": "send-cloudwatch-alarms-to-slack",
            "name_prefix": "",
            "path": "/",
            "permissions_boundary": null,
            "tags": {},
            "tags_all": {},
            "unique_id": "AROAQRCYQS462GEHQYMQ4"
          },
          "sensitive_attributes": [],
          "private": "bnVsbA=="
        }
      ]
    },
    {
      "mode": "managed",
      "type": "aws_iam_role",
      "name": "sns_logs",
      "provider": "provider[\"registry.terraform.io/hashicorp/aws\"]",
      "instances": [
        {
          "schema_version": 0,
          "attributes": {
            "arn": "arn:aws:iam::036692858685:role/sns-logs",
            "assume_role_policy": "{\"Statement\":[{\"Action\":\"sts:AssumeRole\",\"Effect\":\"Allow\",\"Principal\":{\"Service\":\"sns.amazonaws.com\"}}],\"Version\":\"2012-10-17\"}",
            "create_date": "2023-01-18T05:56:34Z",
            "description": "",
            "force_detach_policies": false,
            "id": "sns-logs",
            "inline_policy": [],
            "managed_policy_arns": [
              "arn:aws:iam::aws:policy/service-role/AmazonSNSRole"
            ],
            "max_session_duration": 3600,
            "name": "sns-logs",
            "name_prefix": "",
            "path": "/",
            "permissions_boundary": null,
            "tags": {},
            "tags_all": {},
            "unique_id": "AROAQRCYQS46WQ5UCJMEP"
          },
          "sensitive_attributes": [],
          "private": "bnVsbA=="
        }
      ]
    },
    {
      "mode": "managed",
      "type": "aws_iam_role_policy_attachment",
      "name": "send_cloudwatch_alarms_to_slack_basic",
      "provider": "provider[\"registry.terraform.io/hashicorp/aws\"]",
      "instances": [
        {
          "schema_version": 0,
          "attributes": {
            "id": "send-cloudwatch-alarms-to-slack-20230118055635322900000001",
            "policy_arn": "arn:aws:iam::aws:policy/service-role/AWSLambdaBasicExecutionRole",
            "role": "send-cloudwatch-alarms-to-slack"
          },
          "sensitive_attributes": [],
          "private": "bnVsbA==",
          "dependencies": [
            "aws_iam_role.send_cloudwatch_alarms_to_slack"
          ]
        }
      ]
    },
    {
      "mode": "managed",
      "type": "aws_iam_role_policy_attachment",
      "name": "sns_logs",
      "provider": "provider[\"registry.terraform.io/hashicorp/aws\"]",
      "instances": [
        {
          "schema_version": 0,
          "attributes": {
            "id": "sns-logs-20230118055635328200000002",
            "policy_arn": "arn:aws:iam::aws:policy/service-role/AmazonSNSRole",
            "role": "sns-logs"
          },
          "sensitive_attributes": [],
          "private": "bnVsbA==",
          "dependencies": [
            "aws_iam_role.sns_logs"
          ]
        }
      ]
    },
    {
      "mode": "managed",
      "type": "aws_lambda_function",
      "name": "slack_notification",
      "provider": "provider[\"registry.terraform.io/hashicorp/aws\"]",
      "instances": [
        {
          "schema_version": 0,
          "attributes": {
            "architectures": [
              "x86_64"
            ],
            "arn": "arn:aws:lambda:us-east-1:036692858685:function:slack_notification",
            "code_signing_config_arn": "",
            "dead_letter_config": [],
            "description": "notify slack channel on sns topic",
            "environment": [
              {
                "variables": {
                  "SLACK_CHANNEL": "alarm",
                  "SLACK_WEBHOOK": "https://hooks.slack.com/services/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"
                }
              }
            ],
            "ephemeral_storage": [
              {
                "size": 512
              }
            ],
            "file_system_config": [],
            "filename": null,
            "function_name": "slack_notification",
            "handler": "asgSlackNotifications.lambda_handler",
            "id": "slack_notification",
            "image_config": [],
            "image_uri": "",
            "invoke_arn": "arn:aws:apigateway:us-east-1:lambda:path/2015-03-31/functions/arn:aws:lambda:us-east-1:036692858685:function:slack_notification/invocations",
            "kms_key_arn": "",
            "last_modified": "2023-01-18T17:25:08.000+0000",
            "layers": [],
            "memory_size": 128,
            "package_type": "Zip",
            "publish": false,
            "qualified_arn": "arn:aws:lambda:us-east-1:036692858685:function:slack_notification:$LATEST",
            "qualified_invoke_arn": "arn:aws:apigateway:us-east-1:lambda:path/2015-03-31/functions/arn:aws:lambda:us-east-1:036692858685:function:slack_notification:$LATEST/invocations",
            "reserved_concurrent_executions": -1,
            "role": "arn:aws:iam::036692858685:role/send-cloudwatch-alarms-to-slack",
            "runtime": "python3.9",
            "s3_bucket": "lambda-cool-hamster",
            "s3_key": "asgSlackNotifications.zip",
            "s3_object_version": null,
            "signing_job_arn": "",
            "signing_profile_version_arn": "",
            "source_code_hash": "gKMO2qNxiK7fJdJkdEOgP/AJ0BamYZqisSyGIvih368=",
            "source_code_size": 1023,
            "tags": {},
            "tags_all": {},
            "timeout": 3,
            "timeouts": null,
            "tracing_config": [
              {
                "mode": "PassThrough"
              }
            ],
            "version": "$LATEST",
            "vpc_config": []
          },
          "sensitive_attributes": [],
          "private": "eyJlMmJmYjczMC1lY2FhLTExZTYtOGY4OC0zNDM2M2JjN2M0YzAiOnsiY3JlYXRlIjo2MDAwMDAwMDAwMDB9fQ==",
          "dependencies": [
            "aws_iam_role.send_cloudwatch_alarms_to_slack",
            "aws_s3_bucket.lambda_bucket",
            "aws_s3_object.asgSlackNotifications",
            "data.archive_file.notify_py",
            "random_pet.lambda_bucket_name"
          ]
        }
      ]
    },
    {
      "mode": "managed",
      "type": "aws_lambda_permission",
      "name": "sns_alarms",
      "provider": "provider[\"registry.terraform.io/hashicorp/aws\"]",
      "instances": [
        {
          "schema_version": 0,
          "attributes": {
            "action": "lambda:InvokeFunction",
            "event_source_token": null,
            "function_name": "slack_notification",
            "function_url_auth_type": null,
            "id": "AllowExecutionFromSNSAlarms",
            "principal": "sns.amazonaws.com",
            "principal_org_id": null,
            "qualifier": "",
            "source_account": null,
            "source_arn": "arn:aws:sns:us-east-1:036692858685:alarms",
            "statement_id": "AllowExecutionFromSNSAlarms",
            "statement_id_prefix": ""
          },
          "sensitive_attributes": [],
          "private": "bnVsbA==",
          "dependencies": [
            "aws_iam_role.send_cloudwatch_alarms_to_slack",
            "aws_iam_role.sns_logs",
            "aws_lambda_function.slack_notification",
            "aws_s3_bucket.lambda_bucket",
            "aws_s3_object.asgSlackNotifications",
            "aws_sns_topic.alarms",
            "data.archive_file.notify_py",
            "random_pet.lambda_bucket_name"
          ]
        }
      ]
    },
    {
      "mode": "managed",
      "type": "aws_s3_bucket",
      "name": "lambda_bucket",
      "provider": "provider[\"registry.terraform.io/hashicorp/aws\"]",
      "instances": [
        {
          "schema_version": 0,
          "attributes": {
            "acceleration_status": "",
            "acl": null,
            "arn": "arn:aws:s3:::lambda-cool-hamster",
            "bucket": "lambda-cool-hamster",
            "bucket_domain_name": "lambda-cool-hamster.s3.amazonaws.com",
            "bucket_prefix": null,
            "bucket_regional_domain_name": "lambda-cool-hamster.s3.amazonaws.com",
            "cors_rule": [],
            "force_destroy": true,
            "grant": [
              {
                "id": "bdb54b8bbd4a7ed5c96fbda1af1b815bdf5cf6cfa7856b9bcd1807f8e61cdad4",
                "permissions": [
                  "FULL_CONTROL"
                ],
                "type": "CanonicalUser",
                "uri": ""
              }
            ],
            "hosted_zone_id": "Z3AQBSTGFYJSTF",
            "id": "lambda-cool-hamster",
            "lifecycle_rule": [],
            "logging": [],
            "object_lock_configuration": [],
            "object_lock_enabled": false,
            "policy": "",
            "region": "us-east-1",
            "replication_configuration": [],
            "request_payer": "BucketOwner",
            "server_side_encryption_configuration": [],
            "tags": {},
            "tags_all": {},
            "timeouts": null,
            "versioning": [
              {
                "enabled": false,
                "mfa_delete": false
              }
            ],
            "website": [],
            "website_domain": null,
            "website_endpoint": null
          },
          "sensitive_attributes": [],
          "private": "eyJlMmJmYjczMC1lY2FhLTExZTYtOGY4OC0zNDM2M2JjN2M0YzAiOnsiY3JlYXRlIjoxMjAwMDAwMDAwMDAwLCJkZWxldGUiOjM2MDAwMDAwMDAwMDAsInJlYWQiOjEyMDAwMDAwMDAwMDAsInVwZGF0ZSI6MTIwMDAwMDAwMDAwMH19",
          "dependencies": [
            "random_pet.lambda_bucket_name"
          ]
        }
      ]
    },
    {
      "mode": "managed",
      "type": "aws_s3_bucket_public_access_block",
      "name": "lambda_bucket",
      "provider": "provider[\"registry.terraform.io/hashicorp/aws\"]",
      "instances": [
        {
          "schema_version": 0,
          "attributes": {
            "block_public_acls": true,
            "block_public_policy": true,
            "bucket": "lambda-cool-hamster",
            "id": "lambda-cool-hamster",
            "ignore_public_acls": true,
            "restrict_public_buckets": true
          },
          "sensitive_attributes": [],
          "private": "bnVsbA==",
          "dependencies": [
            "aws_s3_bucket.lambda_bucket",
            "random_pet.lambda_bucket_name"
          ]
        }
      ]
    },
    {
      "mode": "managed",
      "type": "aws_s3_object",
      "name": "asgSlackNotifications",
      "provider": "provider[\"registry.terraform.io/hashicorp/aws\"]",
      "instances": [
        {
          "schema_version": 0,
          "attributes": {
            "acl": "private",
            "bucket": "lambda-cool-hamster",
            "bucket_key_enabled": false,
            "cache_control": "",
            "content": null,
            "content_base64": null,
            "content_disposition": "",
            "content_encoding": "",
            "content_language": "",
            "content_type": "binary/octet-stream",
            "etag": "0f30256ded760b869f6d49e31beeb1d8",
            "force_destroy": false,
            "id": "asgSlackNotifications.zip",
            "key": "asgSlackNotifications.zip",
            "kms_key_id": null,
            "metadata": {},
            "object_lock_legal_hold_status": "",
            "object_lock_mode": "",
            "object_lock_retain_until_date": "",
            "server_side_encryption": "",
            "source": "./lambda/asgSlackNotifications.zip",
            "source_hash": null,
            "storage_class": "STANDARD",
            "tags": {
              "Environment": "prod",
              "Name": "My bucket"
            },
            "tags_all": {
              "Environment": "prod",
              "Name": "My bucket"
            },
            "version_id": "",
            "website_redirect": ""
          },
          "sensitive_attributes": [],
          "private": "bnVsbA==",
          "dependencies": [
            "aws_s3_bucket.lambda_bucket",
            "data.archive_file.notify_py",
            "random_pet.lambda_bucket_name"
          ]
        }
      ]
    },
    {
      "mode": "managed",
      "type": "aws_sns_topic",
      "name": "alarms",
      "provider": "provider[\"registry.terraform.io/hashicorp/aws\"]",
      "instances": [
        {
          "schema_version": 0,
          "attributes": {
            "application_failure_feedback_role_arn": "",
            "application_success_feedback_role_arn": "",
            "application_success_feedback_sample_rate": 0,
            "arn": "arn:aws:sns:us-east-1:036692858685:alarms",
            "content_based_deduplication": false,
            "delivery_policy": "",
            "display_name": "",
            "fifo_topic": false,
            "firehose_failure_feedback_role_arn": "",
            "firehose_success_feedback_role_arn": "",
            "firehose_success_feedback_sample_rate": 0,
            "http_failure_feedback_role_arn": "",
            "http_success_feedback_role_arn": "",
            "http_success_feedback_sample_rate": 0,
            "id": "arn:aws:sns:us-east-1:036692858685:alarms",
            "kms_master_key_id": "",
            "lambda_failure_feedback_role_arn": "arn:aws:iam::036692858685:role/sns-logs",
            "lambda_success_feedback_role_arn": "arn:aws:iam::036692858685:role/sns-logs",
            "lambda_success_feedback_sample_rate": 0,
            "name": "alarms",
            "name_prefix": "",
            "owner": "036692858685",
            "policy": "{\"Id\":\"__default_policy_ID\",\"Statement\":[{\"Action\":[\"SNS:GetTopicAttributes\",\"SNS:SetTopicAttributes\",\"SNS:AddPermission\",\"SNS:RemovePermission\",\"SNS:DeleteTopic\",\"SNS:Subscribe\",\"SNS:ListSubscriptionsByTopic\",\"SNS:Publish\"],\"Condition\":{\"StringEquals\":{\"AWS:SourceOwner\":\"036692858685\"}},\"Effect\":\"Allow\",\"Principal\":{\"AWS\":\"*\"},\"Resource\":\"arn:aws:sns:us-east-1:036692858685:alarms\",\"Sid\":\"__default_statement_ID\"}],\"Version\":\"2008-10-17\"}",
            "sqs_failure_feedback_role_arn": "",
            "sqs_success_feedback_role_arn": "",
            "sqs_success_feedback_sample_rate": 0,
            "tags": {},
            "tags_all": {}
          },
          "sensitive_attributes": [],
          "private": "bnVsbA==",
          "dependencies": [
            "aws_iam_role.sns_logs"
          ]
        }
      ]
    },
    {
      "mode": "managed",
      "type": "aws_sns_topic_subscription",
      "name": "alarms",
      "provider": "provider[\"registry.terraform.io/hashicorp/aws\"]",
      "instances": [
        {
          "schema_version": 0,
          "attributes": {
            "arn": "arn:aws:sns:us-east-1:036692858685:alarms:a95a87b9-8294-468c-98bd-2dcfe9b2a9b7",
            "confirmation_timeout_in_minutes": 1,
            "confirmation_was_authenticated": true,
            "delivery_policy": "",
            "endpoint": "arn:aws:lambda:us-east-1:036692858685:function:slack_notification",
            "endpoint_auto_confirms": false,
            "filter_policy": "",
            "id": "arn:aws:sns:us-east-1:036692858685:alarms:a95a87b9-8294-468c-98bd-2dcfe9b2a9b7",
            "owner_id": "036692858685",
            "pending_confirmation": false,
            "protocol": "lambda",
            "raw_message_delivery": false,
            "redrive_policy": "",
            "subscription_role_arn": "",
            "topic_arn": "arn:aws:sns:us-east-1:036692858685:alarms"
          },
          "sensitive_attributes": [],
          "private": "bnVsbA==",
          "dependencies": [
            "aws_iam_role.send_cloudwatch_alarms_to_slack",
            "aws_iam_role.sns_logs",
            "aws_lambda_function.slack_notification",
            "aws_s3_bucket.lambda_bucket",
            "aws_s3_object.asgSlackNotifications",
            "aws_sns_topic.alarms",
            "data.archive_file.notify_py",
            "random_pet.lambda_bucket_name"
          ]
        }
      ]
    },
    {
      "mode": "managed",
      "type": "random_pet",
      "name": "lambda_bucket_name",
      "provider": "provider[\"registry.terraform.io/hashicorp/random\"]",
      "instances": [
        {
          "schema_version": 0,
          "attributes": {
            "id": "lambda-cool-hamster",
            "keepers": null,
            "length": 2,
            "prefix": "lambda",
            "separator": "-"
          },
          "sensitive_attributes": []
        }
      ]
    }
  ],
  "check_results": null
}
